// !$*UTF8*$!
{
	archiveVersion = 1;
	classes = {
	};
	objectVersion = 46;
	objects = {

/* Begin PBXBuildFile section */
		2DA00E441A5BB81B00C2AADF /* Annie.h in Headers */ = {isa = PBXBuildFile; fileRef = 2DA00E431A5BB81B00C2AADF /* Annie.h */; settings = {ATTRIBUTES = (Public, ); }; };
		2DA00E4A1A5BB81B00C2AADF /* Annie.framework in Frameworks */ = {isa = PBXBuildFile; fileRef = 2DA00E3E1A5BB81B00C2AADF /* Annie.framework */; };
		2DA00E511A5BB81B00C2AADF /* AnnieTests.swift in Sources */ = {isa = PBXBuildFile; fileRef = 2DA00E501A5BB81B00C2AADF /* AnnieTests.swift */; };
		2DA00E5D1A5BB85100C2AADF /* Regex.swift in Sources */ = {isa = PBXBuildFile; fileRef = 2DA00E5A1A5BB85100C2AADF /* Regex.swift */; };
		2DA00E5E1A5BB85100C2AADF /* Regex.swift in Sources */ = {isa = PBXBuildFile; fileRef = 2DA00E5A1A5BB85100C2AADF /* Regex.swift */; };
		2DA00E5F1A5BB85100C2AADF /* BlockTokens.swift in Sources */ = {isa = PBXBuildFile; fileRef = 2DA00E5B1A5BB85100C2AADF /* BlockTokens.swift */; };
		2DA00E601A5BB85100C2AADF /* BlockTokens.swift in Sources */ = {isa = PBXBuildFile; fileRef = 2DA00E5B1A5BB85100C2AADF /* BlockTokens.swift */; };
		2DA00E611A5BB85100C2AADF /* InlineTokens.swift in Sources */ = {isa = PBXBuildFile; fileRef = 2DA00E5C1A5BB85100C2AADF /* InlineTokens.swift */; };
		2DA00E621A5BB85100C2AADF /* InlineTokens.swift in Sources */ = {isa = PBXBuildFile; fileRef = 2DA00E5C1A5BB85100C2AADF /* InlineTokens.swift */; };
		2DA00E641A5BB86400C2AADF /* Annie.swift in Sources */ = {isa = PBXBuildFile; fileRef = 2DA00E631A5BB86400C2AADF /* Annie.swift */; };
		2DA00E651A5BB86400C2AADF /* Annie.swift in Sources */ = {isa = PBXBuildFile; fileRef = 2DA00E631A5BB86400C2AADF /* Annie.swift */; };
/* End PBXBuildFile section */

/* Begin PBXContainerItemProxy section */
		2DA00E4B1A5BB81B00C2AADF /* PBXContainerItemProxy */ = {
			isa = PBXContainerItemProxy;
			containerPortal = 2DA00E351A5BB81B00C2AADF /* Project object */;
			proxyType = 1;
			remoteGlobalIDString = 2DA00E3D1A5BB81B00C2AADF;
			remoteInfo = Annie;
		};
/* End PBXContainerItemProxy section */

/* Begin PBXFileReference section */
		2DA00E3E1A5BB81B00C2AADF /* Annie.framework */ = {isa = PBXFileReference; explicitFileType = wrapper.framework; includeInIndex = 0; path = Annie.framework; sourceTree = BUILT_PRODUCTS_DIR; };
		2DA00E421A5BB81B00C2AADF /* Info.plist */ = {isa = PBXFileReference; lastKnownFileType = text.plist.xml; path = Info.plist; sourceTree = "<group>"; };
		2DA00E431A5BB81B00C2AADF /* Annie.h */ = {isa = PBXFileReference; lastKnownFileType = sourcecode.c.h; path = Annie.h; sourceTree = "<group>"; };
		2DA00E491A5BB81B00C2AADF /* AnnieTests.xctest */ = {isa = PBXFileReference; explicitFileType = wrapper.cfbundle; includeInIndex = 0; path = AnnieTests.xctest; sourceTree = BUILT_PRODUCTS_DIR; };
		2DA00E4F1A5BB81B00C2AADF /* Info.plist */ = {isa = PBXFileReference; lastKnownFileType = text.plist.xml; path = Info.plist; sourceTree = "<group>"; };
		2DA00E501A5BB81B00C2AADF /* AnnieTests.swift */ = {isa = PBXFileReference; lastKnownFileType = sourcecode.swift; path = AnnieTests.swift; sourceTree = "<group>"; };
		2DA00E5A1A5BB85100C2AADF /* Regex.swift */ = {isa = PBXFileReference; fileEncoding = 4; lastKnownFileType = sourcecode.swift; path = Regex.swift; sourceTree = "<group>"; };
		2DA00E5B1A5BB85100C2AADF /* BlockTokens.swift */ = {isa = PBXFileReference; fileEncoding = 4; lastKnownFileType = sourcecode.swift; path = BlockTokens.swift; sourceTree = "<group>"; };
		2DA00E5C1A5BB85100C2AADF /* InlineTokens.swift */ = {isa = PBXFileReference; fileEncoding = 4; lastKnownFileType = sourcecode.swift; path = InlineTokens.swift; sourceTree = "<group>"; };
		2DA00E631A5BB86400C2AADF /* Annie.swift */ = {isa = PBXFileReference; fileEncoding = 4; lastKnownFileType = sourcecode.swift; path = Annie.swift; sourceTree = "<group>"; };
/* End PBXFileReference section */

/* Begin PBXFrameworksBuildPhase section */
		2DA00E3A1A5BB81B00C2AADF /* Frameworks */ = {
			isa = PBXFrameworksBuildPhase;
			buildActionMask = 2147483647;
			files = (
			);
			runOnlyForDeploymentPostprocessing = 0;
		};
		2DA00E461A5BB81B00C2AADF /* Frameworks */ = {
			isa = PBXFrameworksBuildPhase;
			buildActionMask = 2147483647;
			files = (
				2DA00E4A1A5BB81B00C2AADF /* Annie.framework in Frameworks */,
			);
			runOnlyForDeploymentPostprocessing = 0;
		};
/* End PBXFrameworksBuildPhase section */

/* Begin PBXGroup section */
		2DA00E341A5BB81B00C2AADF = {
			isa = PBXGroup;
			children = (
				2DA00E401A5BB81B00C2AADF /* Annie */,
				2DA00E4D1A5BB81B00C2AADF /* AnnieTests */,
				2DA00E3F1A5BB81B00C2AADF /* Products */,
			);
			sourceTree = "<group>";
		};
		2DA00E3F1A5BB81B00C2AADF /* Products */ = {
			isa = PBXGroup;
			children = (
				2DA00E3E1A5BB81B00C2AADF /* Annie.framework */,
				2DA00E491A5BB81B00C2AADF /* AnnieTests.xctest */,
			);
			name = Products;
			sourceTree = "<group>";
		};
		2DA00E401A5BB81B00C2AADF /* Annie */ = {
			isa = PBXGroup;
			children = (
				2DA00E631A5BB86400C2AADF /* Annie.swift */,
				2DA00E5A1A5BB85100C2AADF /* Regex.swift */,
				2DA00E5B1A5BB85100C2AADF /* BlockTokens.swift */,
				2DA00E5C1A5BB85100C2AADF /* InlineTokens.swift */,
				2DA00E431A5BB81B00C2AADF /* Annie.h */,
				2DA00E411A5BB81B00C2AADF /* Supporting Files */,
			);
			path = Annie;
			sourceTree = "<group>";
		};
		2DA00E411A5BB81B00C2AADF /* Supporting Files */ = {
			isa = PBXGroup;
			children = (
				2DA00E421A5BB81B00C2AADF /* Info.plist */,
			);
			name = "Supporting Files";
			sourceTree = "<group>";
		};
		2DA00E4D1A5BB81B00C2AADF /* AnnieTests */ = {
			isa = PBXGroup;
			children = (
				2DA00E501A5BB81B00C2AADF /* AnnieTests.swift */,
				2DA00E4E1A5BB81B00C2AADF /* Supporting Files */,
			);
			path = AnnieTests;
			sourceTree = "<group>";
		};
		2DA00E4E1A5BB81B00C2AADF /* Supporting Files */ = {
			isa = PBXGroup;
			children = (
				2DA00E4F1A5BB81B00C2AADF /* Info.plist */,
			);
			name = "Supporting Files";
			sourceTree = "<group>";
		};
/* End PBXGroup section */

/* Begin PBXHeadersBuildPhase section */
		2DA00E3B1A5BB81B00C2AADF /* Headers */ = {
			isa = PBXHeadersBuildPhase;
			buildActionMask = 2147483647;
			files = (
				2DA00E441A5BB81B00C2AADF /* Annie.h in Headers */,
			);
			runOnlyForDeploymentPostprocessing = 0;
		};
/* End PBXHeadersBuildPhase section */

/* Begin PBXNativeTarget section */
		2DA00E3D1A5BB81B00C2AADF /* Annie */ = {
			isa = PBXNativeTarget;
			buildConfigurationList = 2DA00E541A5BB81B00C2AADF /* Build configuration list for PBXNativeTarget "Annie" */;
			buildPhases = (
				2DA00E391A5BB81B00C2AADF /* Sources */,
				2DA00E3A1A5BB81B00C2AADF /* Frameworks */,
				2DA00E3B1A5BB81B00C2AADF /* Headers */,
				2DA00E3C1A5BB81B00C2AADF /* Resources */,
			);
			buildRules = (
			);
			dependencies = (
			);
			name = Annie;
			productName = Annie;
			productReference = 2DA00E3E1A5BB81B00C2AADF /* Annie.framework */;
			productType = "com.apple.product-type.framework";
		};
		2DA00E481A5BB81B00C2AADF /* AnnieTests */ = {
			isa = PBXNativeTarget;
			buildConfigurationList = 2DA00E571A5BB81B00C2AADF /* Build configuration list for PBXNativeTarget "AnnieTests" */;
			buildPhases = (
				2DA00E451A5BB81B00C2AADF /* Sources */,
				2DA00E461A5BB81B00C2AADF /* Frameworks */,
				2DA00E471A5BB81B00C2AADF /* Resources */,
			);
			buildRules = (
			);
			dependencies = (
				2DA00E4C1A5BB81B00C2AADF /* PBXTargetDependency */,
			);
			name = AnnieTests;
			productName = AnnieTests;
			productReference = 2DA00E491A5BB81B00C2AADF /* AnnieTests.xctest */;
			productType = "com.apple.product-type.bundle.unit-test";
		};
/* End PBXNativeTarget section */

/* Begin PBXProject section */
		2DA00E351A5BB81B00C2AADF /* Project object */ = {
			isa = PBXProject;
			attributes = {
				LastSwiftUpdateCheck = 0700;
				LastUpgradeCheck = 0610;
				ORGANIZATIONNAME = skyline;
				TargetAttributes = {
					2DA00E3D1A5BB81B00C2AADF = {
						CreatedOnToolsVersion = 6.1.1;
					};
					2DA00E481A5BB81B00C2AADF = {
						CreatedOnToolsVersion = 6.1.1;
					};
				};
			};
			buildConfigurationList = 2DA00E381A5BB81B00C2AADF /* Build configuration list for PBXProject "Annie" */;
			compatibilityVersion = "Xcode 3.2";
			developmentRegion = English;
			hasScannedForEncodings = 0;
			knownRegions = (
				en,
			);
			mainGroup = 2DA00E341A5BB81B00C2AADF;
			productRefGroup = 2DA00E3F1A5BB81B00C2AADF /* Products */;
			projectDirPath = "";
			projectRoot = "";
			targets = (
				2DA00E3D1A5BB81B00C2AADF /* Annie */,
				2DA00E481A5BB81B00C2AADF /* AnnieTests */,
			);
		};
/* End PBXProject section */

/* Begin PBXResourcesBuildPhase section */
		2DA00E3C1A5BB81B00C2AADF /* Resources */ = {
			isa = PBXResourcesBuildPhase;
			buildActionMask = 2147483647;
			files = (
			);
			runOnlyForDeploymentPostprocessing = 0;
		};
		2DA00E471A5BB81B00C2AADF /* Resources */ = {
			isa = PBXResourcesBuildPhase;
			buildActionMask = 2147483647;
			files = (
			);
			runOnlyForDeploymentPostprocessing = 0;
		};
/* End PBXResourcesBuildPhase section */

/* Begin PBXSourcesBuildPhase section */
		2DA00E391A5BB81B00C2AADF /* Sources */ = {
			isa = PBXSourcesBuildPhase;
			buildActionMask = 2147483647;
			files = (
				2DA00E5D1A5BB85100C2AADF /* Regex.swift in Sources */,
				2DA00E641A5BB86400C2AADF /* Annie.swift in Sources */,
				2DA00E611A5BB85100C2AADF /* InlineTokens.swift in Sources */,
				2DA00E5F1A5BB85100C2AADF /* BlockTokens.swift in Sources */,
			);
			runOnlyForDeploymentPostprocessing = 0;
		};
		2DA00E451A5BB81B00C2AADF /* Sources */ = {
			isa = PBXSourcesBuildPhase;
			buildActionMask = 2147483647;
			files = (
				2DA00E621A5BB85100C2AADF /* InlineTokens.swift in Sources */,
				2DA00E511A5BB81B00C2AADF /* AnnieTests.swift in Sources */,
				2DA00E5E1A5BB85100C2AADF /* Regex.swift in Sources */,
				2DA00E651A5BB86400C2AADF /* Annie.swift in Sources */,
				2DA00E601A5BB85100C2AADF /* BlockTokens.swift in Sources */,
			);
			runOnlyForDeploymentPostprocessing = 0;
		};
/* End PBXSourcesBuildPhase section */

/* Begin PBXTargetDependency section */
		2DA00E4C1A5BB81B00C2AADF /* PBXTargetDependency */ = {
			isa = PBXTargetDependency;
			target = 2DA00E3D1A5BB81B00C2AADF /* Annie */;
			targetProxy = 2DA00E4B1A5BB81B00C2AADF /* PBXContainerItemProxy */;
		};
/* End PBXTargetDependency section */

/* Begin XCBuildConfiguration section */
		2DA00E521A5BB81B00C2AADF /* Debug */ = {
			isa = XCBuildConfiguration;
			buildSettings = {
				ALWAYS_SEARCH_USER_PATHS = NO;
				CLANG_CXX_LANGUAGE_STANDARD = "gnu++0x";
				CLANG_CXX_LIBRARY = "libc++";
				CLANG_ENABLE_MODULES = YES;
				CLANG_ENABLE_OBJC_ARC = YES;
				CLANG_WARN_BOOL_CONVERSION = YES;
				CLANG_WARN_CONSTANT_CONVERSION = YES;
				CLANG_WARN_DIRECT_OBJC_ISA_USAGE = YES_ERROR;
				CLANG_WARN_EMPTY_BODY = YES;
				CLANG_WARN_ENUM_CONVERSION = YES;
				CLANG_WARN_INT_CONVERSION = YES;
				CLANG_WARN_OBJC_ROOT_CLASS = YES_ERROR;
				CLANG_WARN_UNREACHABLE_CODE = YES;
				CLANG_WARN__DUPLICATE_METHOD_MATCH = YES;
				COPY_PHASE_STRIP = NO;
				CURRENT_PROJECT_VERSION = 1;
				ENABLE_STRICT_OBJC_MSGSEND = YES;
				GCC_C_LANGUAGE_STANDARD = gnu99;
				GCC_DYNAMIC_NO_PIC = NO;
				GCC_OPTIMIZATION_LEVEL = 0;
				GCC_PREPROCESSOR_DEFINITIONS = (
					"DEBUG=1",
					"$(inherited)",
				);
				GCC_SYMBOLS_PRIVATE_EXTERN = NO;
				GCC_WARN_64_TO_32_BIT_CONVERSION = YES;
				GCC_WARN_ABOUT_RETURN_TYPE = YES_ERROR;
				GCC_WARN_UNDECLARED_SELECTOR = YES;
				GCC_WARN_UNINITIALIZED_AUTOS = YES_AGGRESSIVE;
				GCC_WARN_UNUSED_FUNCTION = YES;
				GCC_WARN_UNUSED_VARIABLE = YES;
				MACOSX_DEPLOYMENT_TARGET = 10.10;
				MTL_ENABLE_DEBUG_INFO = YES;
				ONLY_ACTIVE_ARCH = YES;
				SDKROOT = macosx;
				SWIFT_OPTIMIZATION_LEVEL = "-Onone";
				VERSIONING_SYSTEM = "apple-generic";
				VERSION_INFO_PREFIX = "";
			};
			name = Debug;
		};
		2DA00E531A5BB81B00C2AADF /* Release */ = {
			isa = XCBuildConfiguration;
			buildSettings = {
				ALWAYS_SEARCH_USER_PATHS = NO;
				CLANG_CXX_LANGUAGE_STANDARD = "gnu++0x";
				CLANG_CXX_LIBRARY = "libc++";
				CLANG_ENABLE_MODULES = YES;
				CLANG_ENABLE_OBJC_ARC = YES;
				CLANG_WARN_BOOL_CONVERSION = YES;
				CLANG_WARN_CONSTANT_CONVERSION = YES;
				CLANG_WARN_DIRECT_OBJC_ISA_USAGE = YES_ERROR;
				CLANG_WARN_EMPTY_BODY = YES;
				CLANG_WARN_ENUM_CONVERSION = YES;
				CLANG_WARN_INT_CONVERSION = YES;
				CLANG_WARN_OBJC_ROOT_CLASS = YES_ERROR;
				CLANG_WARN_UNREACHABLE_CODE = YES;
				CLANG_WARN__DUPLICATE_METHOD_MATCH = YES;
				COPY_PHASE_STRIP = YES;
				CURRENT_PROJECT_VERSION = 1;
				DEBUG_INFORMATION_FORMAT = "dwarf-with-dsym";
				ENABLE_NS_ASSERTIONS = NO;
				ENABLE_STRICT_OBJC_MSGSEND = YES;
				GCC_C_LANGUAGE_STANDARD = gnu99;
				GCC_WARN_64_TO_32_BIT_CONVERSION = YES;
				GCC_WARN_ABOUT_RETURN_TYPE = YES_ERROR;
				GCC_WARN_UNDECLARED_SELECTOR = YES;
				GCC_WARN_UNINITIALIZED_AUTOS = YES_AGGRESSIVE;
				GCC_WARN_UNUSED_FUNCTION = YES;
				GCC_WARN_UNUSED_VARIABLE = YES;
				MACOSX_DEPLOYMENT_TARGET = 10.10;
				MTL_ENABLE_DEBUG_INFO = NO;
				SDKROOT = macosx;
				VERSIONING_SYSTEM = "apple-generic";
				VERSION_INFO_PREFIX = "";
			};
			name = Release;
		};
		2DA00E551A5BB81B00C2AADF /* Debug */ = {
			isa = XCBuildConfiguration;
			buildSettings = {
				CLANG_ENABLE_MODULES = YES;
				COMBINE_HIDPI_IMAGES = YES;
				DEFINES_MODULE = YES;
				DYLIB_COMPATIBILITY_VERSION = 1;
				DYLIB_CURRENT_VERSION = 1;
				DYLIB_INSTALL_NAME_BASE = "@rpath";
				FRAMEWORK_VERSION = A;
				INFOPLIST_FILE = Annie/Info.plist;
				INSTALL_PATH = "$(LOCAL_LIBRARY_DIR)/Frameworks";
				LD_RUNPATH_SEARCH_PATHS = "$(inherited) @executable_path/../Frameworks @loader_path/Frameworks";
				PRODUCT_NAME = "$(TARGET_NAME)";
				SKIP_INSTALL = YES;
				SWIFT_OPTIMIZATION_LEVEL = "-Onone";
			};
			name = Debug;
		};
		2DA00E561A5BB81B00C2AADF /* Release */ = {
			isa = XCBuildConfiguration;
			buildSettings = {
				CLANG_ENABLE_MODULES = YES;
				COMBINE_HIDPI_IMAGES = YES;
				DEFINES_MODULE = YES;
				DYLIB_COMPATIBILITY_VERSION = 1;
				DYLIB_CURRENT_VERSION = 1;
				DYLIB_INSTALL_NAME_BASE = "@rpath";
				FRAMEWORK_VERSION = A;
				INFOPLIST_FILE = Annie/Info.plist;
				INSTALL_PATH = "$(LOCAL_LIBRARY_DIR)/Frameworks";
				LD_RUNPATH_SEARCH_PATHS = "$(inherited) @executable_path/../Frameworks @loader_path/Frameworks";
				PRODUCT_NAME = "$(TARGET_NAME)";
				SKIP_INSTALL = YES;
			};
			name = Release;
		};
		2DA00E581A5BB81B00C2AADF /* Debug */ = {
			isa = XCBuildConfiguration;
			buildSettings = {
				COMBINE_HIDPI_IMAGES = YES;
				FRAMEWORK_SEARCH_PATHS = (
					"$(DEVELOPER_FRAMEWORKS_DIR)",
					"$(inherited)",
				);
				GCC_PREPROCESSOR_DEFINITIONS = (
					"DEBUG=1",
					"$(inherited)",
				);
				INFOPLIST_FILE = AnnieTests/Info.plist;
				LD_RUNPATH_SEARCH_PATHS = "$(inherited) @executable_path/../Frameworks @loader_path/../Frameworks";
				PRODUCT_NAME = "$(TARGET_NAME)";
			};
			name = Debug;
		};
		2DA00E591A5BB81B00C2AADF /* Release */ = {
			isa = XCBuildConfiguration;
			buildSettings = {
				COMBINE_HIDPI_IMAGES = YES;
				FRAMEWORK_SEARCH_PATHS = (
					"$(DEVELOPER_FRAMEWORKS_DIR)",
					"$(inherited)",
				);
				INFOPLIST_FILE = AnnieTests/Info.plist;
				LD_RUNPATH_SEARCH_PATHS = "$(inherited) @executable_path/../Frameworks @loader_path/../Frameworks";
				PRODUCT_NAME = "$(TARGET_NAME)";
			};
			name = Release;
		};
/* End XCBuildConfiguration section */

/* Begin XCConfigurationList section */
		2DA00E381A5BB81B00C2AADF /* Build configuration list for PBXProject "Annie" */ = {
			isa = XCConfigurationList;
			buildConfigurations = (
				2DA00E521A5BB81B00C2AADF /* Debug */,
				2DA00E531A5BB81B00C2AADF /* Release */,
			);
			defaultConfigurationIsVisible = 0;
			defaultConfigurationName = Release;
		};
		2DA00E541A5BB81B00C2AADF /* Build configuration list for PBXNativeTarget "Annie" */ = {
			isa = XCConfigurationList;
			buildConfigurations = (
				2DA00E551A5BB81B00C2AADF /* Debug */,
				2DA00E561A5BB81B00C2AADF /* Release */,
			);
			defaultConfigurationIsVisible = 0;
			defaultConfigurationName = Release;
		};
		2DA00E571A5BB81B00C2AADF /* Build configuration list for PBXNativeTarget "AnnieTests" */ = {
			isa = XCConfigurationList;
			buildConfigurations = (
				2DA00E581A5BB81B00C2AADF /* Debug */,
				2DA00E591A5BB81B00C2AADF /* Release */,
			);
			defaultConfigurationIsVisible = 0;
			defaultConfigurationName = Release;
		};
/* End XCConfigurationList section */
	};
	rootObject = 2DA00E351A5BB81B00C2AADF /* Project object */;
}
